
Microsoft Visual Studio Solution File, Format Version 12.00
# Visual Studio Version 17
VisualStudioVersion = 17.14.37012.4 d17.14
MinimumVisualStudioVersion = 10.0.40219.1
Project("{888888A0-9F3D-457C-B088-3A5042F75D52}") = "SimpleConsole", "SimpleConsole\SimpleConsole.pyproj", "{EFE7AFDA-BDFF-4DB7-88C5-B835AAD91E1E}"
EndProject
Global
	GlobalSection(SolutionConfigurationPlatforms) = preSolution
		Debug|Any CPU = Debug|Any CPU
		Release|Any CPU = Release|Any CPU
	EndGlobalSection
	GlobalSection(ProjectConfigurationPlatforms) = postSolution
		{EFE7AFDA-BDFF-4DB7-88C5-B835AAD91E1E}.Debug|Any CPU.ActiveCfg = Debug|Any CPU
		{EFE7AFDA-BDFF-4DB7-88C5-B835AAD91E1E}.Release|Any CPU.ActiveCfg = Release|Any CPU
	EndGlobalSection
	GlobalSection(SolutionProperties) = preSolution
		HideSolutionNode = FALSE
	EndGlobalSection
	GlobalSection(ExtensibilityGlobals) = postSolution
		SolutionGuid = {5D668C5E-DCE8-43F5-B20D-E83E0BDC06F3}
	EndGlobalSection
EndGlobal
