
Microsoft Visual Studio Solution File, Format Version 12.00
# Visual Studio Version 17
VisualStudioVersion = 17.14.37111.16
MinimumVisualStudioVersion = 10.0.40219.1
Project("{888888A0-9F3D-457C-B088-3A5042F75D52}") = "t2", "t2\t2.pyproj", "{856E77E0-F20B-41D8-80EC-BFCABF0BE372}"
EndProject
Global
	GlobalSection(SolutionConfigurationPlatforms) = preSolution
		Debug|Any CPU = Debug|Any CPU
		Release|Any CPU = Release|Any CPU
	EndGlobalSection
	GlobalSection(ProjectConfigurationPlatforms) = postSolution
		{856E77E0-F20B-41D8-80EC-BFCABF0BE372}.Debug|Any CPU.ActiveCfg = Debug|Any CPU
		{856E77E0-F20B-41D8-80EC-BFCABF0BE372}.Release|Any CPU.ActiveCfg = Release|Any CPU
	EndGlobalSection
	GlobalSection(SolutionProperties) = preSolution
		HideSolutionNode = FALSE
	EndGlobalSection
	GlobalSection(ExtensibilityGlobals) = postSolution
		SolutionGuid = {651F8B03-28B6-43DA-B98F-D3375472D399}
	EndGlobalSection
EndGlobal
