
Microsoft Visual Studio Solution File, Format Version 12.00
# Visual Studio Version 17
VisualStudioVersion = 17.14.37111.16 d17.14
MinimumVisualStudioVersion = 10.0.40219.1
Project("{888888A0-9F3D-457C-B088-3A5042F75D52}") = "t3", "t3\t3.pyproj", "{704DEF8E-5280-47F3-BDEC-188600509765}"
EndProject
Global
	GlobalSection(SolutionConfigurationPlatforms) = preSolution
		Debug|Any CPU = Debug|Any CPU
		Release|Any CPU = Release|Any CPU
	EndGlobalSection
	GlobalSection(ProjectConfigurationPlatforms) = postSolution
		{704DEF8E-5280-47F3-BDEC-188600509765}.Debug|Any CPU.ActiveCfg = Debug|Any CPU
		{704DEF8E-5280-47F3-BDEC-188600509765}.Debug|Any CPU.Build.0 = Debug|Any CPU
		{704DEF8E-5280-47F3-BDEC-188600509765}.Release|Any CPU.ActiveCfg = Release|Any CPU
		{704DEF8E-5280-47F3-BDEC-188600509765}.Release|Any CPU.Build.0 = Release|Any CPU
	EndGlobalSection
	GlobalSection(SolutionProperties) = preSolution
		HideSolutionNode = FALSE
	EndGlobalSection
	GlobalSection(ExtensibilityGlobals) = postSolution
		SolutionGuid = {13280CB0-A903-45EF-8493-CD1F765B5A2D}
	EndGlobalSection
EndGlobal
